# This file is automatically @generated by Cargo.
# It is not intended for manual editing.
version = 4

[[package]]
name = "music-analysis"
version = "0.1.0"
dependencies = [
 "music-application",
 "music-domain",
]

[[package]]
name = "music-application"
version = "0.1.0"
dependencies = [
 "music-domain",
]

[[package]]
name = "music-domain"
version = "0.1.0"

[[package]]
name = "music-media"
version = "0.1.0"
dependencies = [
 "music-application",
 "music-domain",
]

[[package]]
name = "music-output"
version = "0.1.0"
dependencies = [
 "music-protocol",
]

[[package]]
name = "music-protocol"
version = "0.1.0"

[[package]]
name = "music-server"
version = "0.1.0"
dependencies = [
 "music-analysis",
 "music-application",
 "music-domain",
 "music-media",
 "music-protocol",
 "music-storage",
]

[[package]]
name = "music-storage"
version = "0.1.0"
dependencies = [
 "music-application",
 "music-domain",
]
